
Microsoft Visual Studio Solution File, Format Version 12.00
# Visual Studio Version 16
VisualStudioVersion = 16.0.29021.104
MinimumVisualStudioVersion = 15.0.26124.0
Project("{9A19103F-16F7-4668-BE54-9A1E7A4F7556}") = "HYPJ.Applicatoin", "HYPJ.Applicatoin\HYPJ.Applicatoin.csproj", "{1CA32CB7-F034-4E9D-A932-6D09A8F1C1D9}"
EndProject
Project("{9A19103F-16F7-4668-BE54-9A1E7A4F7556}") = "HYPJ.Core", "HYPJ.Core\HYPJ.Core.csproj", "{5E2BEC03-750B-4D30-AB15-1B8D94462193}"
EndProject
Project("{9A19103F-16F7-4668-BE54-9A1E7A4F7556}") = "HYPJ.Infrastructure", "HYPJ.Infrastructure\HYPJ.Infrastructure.csproj", "{55A11A7B-6F2A-4C43-BF1C-0F4FD87A6FE9}"
EndProject
Project("{9A19103F-16F7-4668-BE54-9A1E7A4F7556}") = "HYPJ.Web.Core", "HYPJ.Web.Core\HYPJ.Web.Core.csproj", "{E5372F3E-21D3-4D23-8FD7-BB3B24B98CF3}"
EndProject
Project("{2150E333-8FDC-42A3-9474-1A3956D46DE8}") = "01 src", "01 src", "{3BD1D714-0DF8-4657-9F2A-8EBC66A43096}"
EndProject
Project("{2150E333-8FDC-42A3-9474-1A3956D46DE8}") = "02 framework", "02 framework", "{BCF9E21A-170C-42D8-99BB-174987F5148B}"
EndProject
Project("{9A19103F-16F7-4668-BE54-9A1E7A4F7556}") = "HYPJ.Utilities", "HYPJ.Utilities\HYPJ.Utilities.csproj", "{A2B0B74E-1D30-4153-869C-5CB4312CEE4A}"
EndProject
Project("{9A19103F-16F7-4668-BE54-9A1E7A4F7556}") = "HYPJ.MVC.Test", "HYPJ.MVC.Test\HYPJ.MVC.Test.csproj", "{8AFD51A6-A3FB-4EA1-9E02-D7A3CABEC08A}"
EndProject
Project("{9A19103F-16F7-4668-BE54-9A1E7A4F7556}") = "HypjCms.Web", "HypjCms.Web\HypjCms.Web.csproj", "{296CEC95-BB90-402B-AE76-86A54BDC537D}"
EndProject
Project("{2150E333-8FDC-42A3-9474-1A3956D46DE8}") = "01 注入到web层的服务,仓储,处理程序等", "01 注入到web层的服务,仓储,处理程序等", "{0B9786C3-0437-454D-A1A5-5491B2E1E37C}"
EndProject
Project("{2150E333-8FDC-42A3-9474-1A3956D46DE8}") = "02 应用程序业务逻辑层的编写部分", "02 应用程序业务逻辑层的编写部分", "{0C002651-67DD-4F4C-B36E-0E2CCE2AAFD1}"
EndProject
Project("{2150E333-8FDC-42A3-9474-1A3956D46DE8}") = "03 仓储的创建", "03 仓储的创建", "{8D055A6C-0A4D-4E2F-8851-8F2A052609DF}"
EndProject
Project("{2150E333-8FDC-42A3-9474-1A3956D46DE8}") = "04 基类的创建", "04 基类的创建", "{6293A093-5D55-4A5B-A326-8B9152F0D68F}"
EndProject
Project("{9A19103F-16F7-4668-BE54-9A1E7A4F7556}") = "Hypj.Mall", "Hypj.mall\Hypj.Mall.csproj", "{02BA31A2-4212-45EF-B741-0E8A526BD8F9}"
EndProject
Global
	GlobalSection(SolutionConfigurationPlatforms) = preSolution
		Debug|Any CPU = Debug|Any CPU
		Debug|x64 = Debug|x64
		Debug|x86 = Debug|x86
		Release|Any CPU = Release|Any CPU
		Release|x64 = Release|x64
		Release|x86 = Release|x86
	EndGlobalSection
	GlobalSection(ProjectConfigurationPlatforms) = postSolution
		{1CA32CB7-F034-4E9D-A932-6D09A8F1C1D9}.Debug|Any CPU.ActiveCfg = Debug|Any CPU
		{1CA32CB7-F034-4E9D-A932-6D09A8F1C1D9}.Debug|Any CPU.Build.0 = Debug|Any CPU
		{1CA32CB7-F034-4E9D-A932-6D09A8F1C1D9}.Debug|x64.ActiveCfg = Debug|Any CPU
		{1CA32CB7-F034-4E9D-A932-6D09A8F1C1D9}.Debug|x64.Build.0 = Debug|Any CPU
		{1CA32CB7-F034-4E9D-A932-6D09A8F1C1D9}.Debug|x86.ActiveCfg = Debug|Any CPU
		{1CA32CB7-F034-4E9D-A932-6D09A8F1C1D9}.Debug|x86.Build.0 = Debug|Any CPU
		{1CA32CB7-F034-4E9D-A932-6D09A8F1C1D9}.Release|Any CPU.ActiveCfg = Release|Any CPU
		{1CA32CB7-F034-4E9D-A932-6D09A8F1C1D9}.Release|Any CPU.Build.0 = Release|Any CPU
		{1CA32CB7-F034-4E9D-A932-6D09A8F1C1D9}.Release|x64.ActiveCfg = Release|Any CPU
		{1CA32CB7-F034-4E9D-A932-6D09A8F1C1D9}.Release|x64.Build.0 = Release|Any CPU
		{1CA32CB7-F034-4E9D-A932-6D09A8F1C1D9}.Release|x86.ActiveCfg = Release|Any CPU
		{1CA32CB7-F034-4E9D-A932-6D09A8F1C1D9}.Release|x86.Build.0 = Release|Any CPU
		{5E2BEC03-750B-4D30-AB15-1B8D94462193}.Debug|Any CPU.ActiveCfg = Debug|Any CPU
		{5E2BEC03-750B-4D30-AB15-1B8D94462193}.Debug|Any CPU.Build.0 = Debug|Any CPU
		{5E2BEC03-750B-4D30-AB15-1B8D94462193}.Debug|x64.ActiveCfg = Debug|Any CPU
		{5E2BEC03-750B-4D30-AB15-1B8D94462193}.Debug|x64.Build.0 = Debug|Any CPU
		{5E2BEC03-750B-4D30-AB15-1B8D94462193}.Debug|x86.ActiveCfg = Debug|Any CPU
		{5E2BEC03-750B-4D30-AB15-1B8D94462193}.Debug|x86.Build.0 = Debug|Any CPU
		{5E2BEC03-750B-4D30-AB15-1B8D94462193}.Release|Any CPU.ActiveCfg = Release|Any CPU
		{5E2BEC03-750B-4D30-AB15-1B8D94462193}.Release|Any CPU.Build.0 = Release|Any CPU
		{5E2BEC03-750B-4D30-AB15-1B8D94462193}.Release|x64.ActiveCfg = Release|Any CPU
		{5E2BEC03-750B-4D30-AB15-1B8D94462193}.Release|x64.Build.0 = Release|Any CPU
		{5E2BEC03-750B-4D30-AB15-1B8D94462193}.Release|x86.ActiveCfg = Release|Any CPU
		{5E2BEC03-750B-4D30-AB15-1B8D94462193}.Release|x86.Build.0 = Release|Any CPU
		{55A11A7B-6F2A-4C43-BF1C-0F4FD87A6FE9}.Debug|Any CPU.ActiveCfg = Debug|Any CPU
		{55A11A7B-6F2A-4C43-BF1C-0F4FD87A6FE9}.Debug|Any CPU.Build.0 = Debug|Any CPU
		{55A11A7B-6F2A-4C43-BF1C-0F4FD87A6FE9}.Debug|x64.ActiveCfg = Debug|Any CPU
		{55A11A7B-6F2A-4C43-BF1C-0F4FD87A6FE9}.Debug|x64.Build.0 = Debug|Any CPU
		{55A11A7B-6F2A-4C43-BF1C-0F4FD87A6FE9}.Debug|x86.ActiveCfg = Debug|Any CPU
		{55A11A7B-6F2A-4C43-BF1C-0F4FD87A6FE9}.Debug|x86.Build.0 = Debug|Any CPU
		{55A11A7B-6F2A-4C43-BF1C-0F4FD87A6FE9}.Release|Any CPU.ActiveCfg = Release|Any CPU
		{55A11A7B-6F2A-4C43-BF1C-0F4FD87A6FE9}.Release|Any CPU.Build.0 = Release|Any CPU
		{55A11A7B-6F2A-4C43-BF1C-0F4FD87A6FE9}.Release|x64.ActiveCfg = Release|Any CPU
		{55A11A7B-6F2A-4C43-BF1C-0F4FD87A6FE9}.Release|x64.Build.0 = Release|Any CPU
		{55A11A7B-6F2A-4C43-BF1C-0F4FD87A6FE9}.Release|x86.ActiveCfg = Release|Any CPU
		{55A11A7B-6F2A-4C43-BF1C-0F4FD87A6FE9}.Release|x86.Build.0 = Release|Any CPU
		{E5372F3E-21D3-4D23-8FD7-BB3B24B98CF3}.Debug|Any CPU.ActiveCfg = Debug|Any CPU
		{E5372F3E-21D3-4D23-8FD7-BB3B24B98CF3}.Debug|Any CPU.Build.0 = Debug|Any CPU
		{E5372F3E-21D3-4D23-8FD7-BB3B24B98CF3}.Debug|x64.ActiveCfg = Debug|Any CPU
		{E5372F3E-21D3-4D23-8FD7-BB3B24B98CF3}.Debug|x64.Build.0 = Debug|Any CPU
		{E5372F3E-21D3-4D23-8FD7-BB3B24B98CF3}.Debug|x86.ActiveCfg = Debug|Any CPU
		{E5372F3E-21D3-4D23-8FD7-BB3B24B98CF3}.Debug|x86.Build.0 = Debug|Any CPU
		{E5372F3E-21D3-4D23-8FD7-BB3B24B98CF3}.Release|Any CPU.ActiveCfg = Release|Any CPU
		{E5372F3E-21D3-4D23-8FD7-BB3B24B98CF3}.Release|Any CPU.Build.0 = Release|Any CPU
		{E5372F3E-21D3-4D23-8FD7-BB3B24B98CF3}.Release|x64.ActiveCfg = Release|Any CPU
		{E5372F3E-21D3-4D23-8FD7-BB3B24B98CF3}.Release|x64.Build.0 = Release|Any CPU
		{E5372F3E-21D3-4D23-8FD7-BB3B24B98CF3}.Release|x86.ActiveCfg = Release|Any CPU
		{E5372F3E-21D3-4D23-8FD7-BB3B24B98CF3}.Release|x86.Build.0 = Release|Any CPU
		{A2B0B74E-1D30-4153-869C-5CB4312CEE4A}.Debug|Any CPU.ActiveCfg = Debug|Any CPU
		{A2B0B74E-1D30-4153-869C-5CB4312CEE4A}.Debug|Any CPU.Build.0 = Debug|Any CPU
		{A2B0B74E-1D30-4153-869C-5CB4312CEE4A}.Debug|x64.ActiveCfg = Debug|Any CPU
		{A2B0B74E-1D30-4153-869C-5CB4312CEE4A}.Debug|x64.Build.0 = Debug|Any CPU
		{A2B0B74E-1D30-4153-869C-5CB4312CEE4A}.Debug|x86.ActiveCfg = Debug|Any CPU
		{A2B0B74E-1D30-4153-869C-5CB4312CEE4A}.Debug|x86.Build.0 = Debug|Any CPU
		{A2B0B74E-1D30-4153-869C-5CB4312CEE4A}.Release|Any CPU.ActiveCfg = Release|Any CPU
		{A2B0B74E-1D30-4153-869C-5CB4312CEE4A}.Release|Any CPU.Build.0 = Release|Any CPU
		{A2B0B74E-1D30-4153-869C-5CB4312CEE4A}.Release|x64.ActiveCfg = Release|Any CPU
		{A2B0B74E-1D30-4153-869C-5CB4312CEE4A}.Release|x64.Build.0 = Release|Any CPU
		{A2B0B74E-1D30-4153-869C-5CB4312CEE4A}.Release|x86.ActiveCfg = Release|Any CPU
		{A2B0B74E-1D30-4153-869C-5CB4312CEE4A}.Release|x86.Build.0 = Release|Any CPU
		{8AFD51A6-A3FB-4EA1-9E02-D7A3CABEC08A}.Debug|Any CPU.ActiveCfg = Debug|Any CPU
		{8AFD51A6-A3FB-4EA1-9E02-D7A3CABEC08A}.Debug|Any CPU.Build.0 = Debug|Any CPU
		{8AFD51A6-A3FB-4EA1-9E02-D7A3CABEC08A}.Debug|x64.ActiveCfg = Debug|Any CPU
		{8AFD51A6-A3FB-4EA1-9E02-D7A3CABEC08A}.Debug|x64.Build.0 = Debug|Any CPU
		{8AFD51A6-A3FB-4EA1-9E02-D7A3CABEC08A}.Debug|x86.ActiveCfg = Debug|Any CPU
		{8AFD51A6-A3FB-4EA1-9E02-D7A3CABEC08A}.Debug|x86.Build.0 = Debug|Any CPU
		{8AFD51A6-A3FB-4EA1-9E02-D7A3CABEC08A}.Release|Any CPU.ActiveCfg = Release|Any CPU
		{8AFD51A6-A3FB-4EA1-9E02-D7A3CABEC08A}.Release|Any CPU.Build.0 = Release|Any CPU
		{8AFD51A6-A3FB-4EA1-9E02-D7A3CABEC08A}.Release|x64.ActiveCfg = Release|Any CPU
		{8AFD51A6-A3FB-4EA1-9E02-D7A3CABEC08A}.Release|x64.Build.0 = Release|Any CPU
		{8AFD51A6-A3FB-4EA1-9E02-D7A3CABEC08A}.Release|x86.ActiveCfg = Release|Any CPU
		{8AFD51A6-A3FB-4EA1-9E02-D7A3CABEC08A}.Release|x86.Build.0 = Release|Any CPU
		{296CEC95-BB90-402B-AE76-86A54BDC537D}.Debug|Any CPU.ActiveCfg = Debug|Any CPU
		{296CEC95-BB90-402B-AE76-86A54BDC537D}.Debug|Any CPU.Build.0 = Debug|Any CPU
		{296CEC95-BB90-402B-AE76-86A54BDC537D}.Debug|x64.ActiveCfg = Debug|Any CPU
		{296CEC95-BB90-402B-AE76-86A54BDC537D}.Debug|x64.Build.0 = Debug|Any CPU
		{296CEC95-BB90-402B-AE76-86A54BDC537D}.Debug|x86.ActiveCfg = Debug|Any CPU
		{296CEC95-BB90-402B-AE76-86A54BDC537D}.Debug|x86.Build.0 = Debug|Any CPU
		{296CEC95-BB90-402B-AE76-86A54BDC537D}.Release|Any CPU.ActiveCfg = Release|Any CPU
		{296CEC95-BB90-402B-AE76-86A54BDC537D}.Release|Any CPU.Build.0 = Release|Any CPU
		{296CEC95-BB90-402B-AE76-86A54BDC537D}.Release|x64.ActiveCfg = Release|Any CPU
		{296CEC95-BB90-402B-AE76-86A54BDC537D}.Release|x64.Build.0 = Release|Any CPU
		{296CEC95-BB90-402B-AE76-86A54BDC537D}.Release|x86.ActiveCfg = Release|Any CPU
		{296CEC95-BB90-402B-AE76-86A54BDC537D}.Release|x86.Build.0 = Release|Any CPU
		{02BA31A2-4212-45EF-B741-0E8A526BD8F9}.Debug|Any CPU.ActiveCfg = Debug|Any CPU
		{02BA31A2-4212-45EF-B741-0E8A526BD8F9}.Debug|Any CPU.Build.0 = Debug|Any CPU
		{02BA31A2-4212-45EF-B741-0E8A526BD8F9}.Debug|x64.ActiveCfg = Debug|Any CPU
		{02BA31A2-4212-45EF-B741-0E8A526BD8F9}.Debug|x64.Build.0 = Debug|Any CPU
		{02BA31A2-4212-45EF-B741-0E8A526BD8F9}.Debug|x86.ActiveCfg = Debug|Any CPU
		{02BA31A2-4212-45EF-B741-0E8A526BD8F9}.Debug|x86.Build.0 = Debug|Any CPU
		{02BA31A2-4212-45EF-B741-0E8A526BD8F9}.Release|Any CPU.ActiveCfg = Release|Any CPU
		{02BA31A2-4212-45EF-B741-0E8A526BD8F9}.Release|Any CPU.Build.0 = Release|Any CPU
		{02BA31A2-4212-45EF-B741-0E8A526BD8F9}.Release|x64.ActiveCfg = Release|Any CPU
		{02BA31A2-4212-45EF-B741-0E8A526BD8F9}.Release|x64.Build.0 = Release|Any CPU
		{02BA31A2-4212-45EF-B741-0E8A526BD8F9}.Release|x86.ActiveCfg = Release|Any CPU
		{02BA31A2-4212-45EF-B741-0E8A526BD8F9}.Release|x86.Build.0 = Release|Any CPU
	EndGlobalSection
	GlobalSection(SolutionProperties) = preSolution
		HideSolutionNode = FALSE
	EndGlobalSection
	GlobalSection(NestedProjects) = preSolution
		{1CA32CB7-F034-4E9D-A932-6D09A8F1C1D9} = {0C002651-67DD-4F4C-B36E-0E2CCE2AAFD1}
		{5E2BEC03-750B-4D30-AB15-1B8D94462193} = {6293A093-5D55-4A5B-A326-8B9152F0D68F}
		{55A11A7B-6F2A-4C43-BF1C-0F4FD87A6FE9} = {8D055A6C-0A4D-4E2F-8851-8F2A052609DF}
		{E5372F3E-21D3-4D23-8FD7-BB3B24B98CF3} = {0B9786C3-0437-454D-A1A5-5491B2E1E37C}
		{A2B0B74E-1D30-4153-869C-5CB4312CEE4A} = {BCF9E21A-170C-42D8-99BB-174987F5148B}
		{8AFD51A6-A3FB-4EA1-9E02-D7A3CABEC08A} = {3BD1D714-0DF8-4657-9F2A-8EBC66A43096}
		{296CEC95-BB90-402B-AE76-86A54BDC537D} = {3BD1D714-0DF8-4657-9F2A-8EBC66A43096}
		{0B9786C3-0437-454D-A1A5-5491B2E1E37C} = {BCF9E21A-170C-42D8-99BB-174987F5148B}
		{0C002651-67DD-4F4C-B36E-0E2CCE2AAFD1} = {BCF9E21A-170C-42D8-99BB-174987F5148B}
		{8D055A6C-0A4D-4E2F-8851-8F2A052609DF} = {BCF9E21A-170C-42D8-99BB-174987F5148B}
		{6293A093-5D55-4A5B-A326-8B9152F0D68F} = {BCF9E21A-170C-42D8-99BB-174987F5148B}
		{02BA31A2-4212-45EF-B741-0E8A526BD8F9} = {3BD1D714-0DF8-4657-9F2A-8EBC66A43096}
	EndGlobalSection
	GlobalSection(ExtensibilityGlobals) = postSolution
		SolutionGuid = {A0B55056-7C97-4C32-B064-37F122EF8549}
	EndGlobalSection
EndGlobal
